// !$*UTF8*$!
{
	archiveVersion = 1;
	classes = {
	};
	objectVersion = 56;
	objects = {

/* Begin PBXBuildFile section */
		94154ECF2B3898C700F1238B /* GradientView.swift in Sources */ = {isa = PBXBuildFile; fileRef = 94154ECE2B3898C700F1238B /* GradientView.swift */; };
		941972712B530AFB008644FF /* Task List in Resources */ = {isa = PBXBuildFile; fileRef = 941972702B530AFB008644FF /* Task List */; };
		942397CF2B5BF29E00DDD587 /* NewsCell.swift in Sources */ = {isa = PBXBuildFile; fileRef = 942397CE2B5BF29E00DDD587 /* NewsCell.swift */; };
		9423BC122B24B79B00D23418 /* CardView.swift in Sources */ = {isa = PBXBuildFile; fileRef = 9423BC112B24B79B00D23418 /* CardView.swift */; };
		9423BC142B24B82400D23418 /* TabCard.swift in Sources */ = {isa = PBXBuildFile; fileRef = 9423BC132B24B82400D23418 /* TabCard.swift */; };
		9423BC162B24BAC200D23418 /* TabPageControl.swift in Sources */ = {isa = PBXBuildFile; fileRef = 9423BC152B24BAC200D23418 /* TabPageControl.swift */; };
		9423BC1E2B24CB9300D23418 /* SegmentedView.swift in Sources */ = {isa = PBXBuildFile; fileRef = 9423BC1D2B24CB9300D23418 /* SegmentedView.swift */; };
		942B71E22B38764A00A94E68 /* WrappingHStack in Frameworks */ = {isa = PBXBuildFile; productRef = 942B71E12B38764A00A94E68 /* WrappingHStack */; };
		942B71E42B38766400A94E68 /* WrappingHStack in Frameworks */ = {isa = PBXBuildFile; productRef = 942B71E32B38766400A94E68 /* WrappingHStack */; };
		94399FA82B29F54F00FAE319 /* CollapsedPickerView.swift in Sources */ = {isa = PBXBuildFile; fileRef = 94399FA72B29F54F00FAE319 /* CollapsedPickerView.swift */; };
		94399FAD2B2A06A900FAE319 /* GridPublishers.swift in Sources */ = {isa = PBXBuildFile; fileRef = 94399FAC2B2A06A900FAE319 /* GridPublishers.swift */; };
		943BFDD02B233FCA00B2E677 /* ApiService.swift in Sources */ = {isa = PBXBuildFile; fileRef = 943BFDCF2B233FCA00B2E677 /* ApiService.swift */; };
		943BFDD22B23517F00B2E677 /* NewsViewModel.swift in Sources */ = {isa = PBXBuildFile; fileRef = 943BFDD12B23517F00B2E677 /* NewsViewModel.swift */; };
		943EC2042B28A9B60023BA08 /* DestinationSearchView.swift in Sources */ = {isa = PBXBuildFile; fileRef = 943EC2032B28A9B60023BA08 /* DestinationSearchView.swift */; };
		945313B52B5ACFB10015FF05 /* MenuView.swift in Sources */ = {isa = PBXBuildFile; fileRef = 945313B42B5ACFB10015FF05 /* MenuView.swift */; };
		945313B72B5AD37A0015FF05 /* VisualEffectView.swift in Sources */ = {isa = PBXBuildFile; fileRef = 945313B62B5AD37A0015FF05 /* VisualEffectView.swift */; };
		94612A822B55B7A50001808E /* dragon.gif in Resources */ = {isa = PBXBuildFile; fileRef = 94612A812B55B7A50001808E /* dragon.gif */; };
		946940BC2B3330DA00F87C47 /* UnderlineModifier.swift in Sources */ = {isa = PBXBuildFile; fileRef = 946940BB2B3330DA00F87C47 /* UnderlineModifier.swift */; };
		946940BE2B3330FD00F87C47 /* SegmentedButtonView.swift in Sources */ = {isa = PBXBuildFile; fileRef = 946940BD2B3330FD00F87C47 /* SegmentedButtonView.swift */; };
		946940C02B33311A00F87C47 /* RectPreferenceKey.swift in Sources */ = {isa = PBXBuildFile; fileRef = 946940BF2B33311A00F87C47 /* RectPreferenceKey.swift */; };
		946940C22B3332A600F87C47 /* LoadingScreen.swift in Sources */ = {isa = PBXBuildFile; fileRef = 946940C12B3332A600F87C47 /* LoadingScreen.swift */; };
		946940C62B33437900F87C47 /* NewsDetails.swift in Sources */ = {isa = PBXBuildFile; fileRef = 946940C52B33437900F87C47 /* NewsDetails.swift */; };
		948B97552B583E3D009237D7 /* AdvancedScrollView.swift in Sources */ = {isa = PBXBuildFile; fileRef = 948B97542B583E3D009237D7 /* AdvancedScrollView.swift */; };
		948B97582B583E92009237D7 /* ViewOffsetKey.swift in Sources */ = {isa = PBXBuildFile; fileRef = 948B97572B583E92009237D7 /* ViewOffsetKey.swift */; };
		948B975A2B583EB4009237D7 /* ViewHeightKey.swift in Sources */ = {isa = PBXBuildFile; fileRef = 948B97592B583EB4009237D7 /* ViewHeightKey.swift */; };
		948B975C2B583F2A009237D7 /* DynamicView.swift in Sources */ = {isa = PBXBuildFile; fileRef = 948B975B2B583F2A009237D7 /* DynamicView.swift */; };
		948D4C152B544322007791D4 /* CustomLoadingView.swift in Sources */ = {isa = PBXBuildFile; fileRef = 948D4C142B544322007791D4 /* CustomLoadingView.swift */; };
		948D4C182B5448C3007791D4 /* FLAnimatedImage in Frameworks */ = {isa = PBXBuildFile; productRef = 948D4C172B5448C3007791D4 /* FLAnimatedImage */; };
		949BCF472B26004800ECDD41 /* NewsList.swift in Sources */ = {isa = PBXBuildFile; fileRef = 949BCF462B26004800ECDD41 /* NewsList.swift */; };
		949BCF492B26025E00ECDD41 /* AllNewsView.swift in Sources */ = {isa = PBXBuildFile; fileRef = 949BCF482B26025E00ECDD41 /* AllNewsView.swift */; };
		949BCF4B2B26046000ECDD41 /* MainView.swift in Sources */ = {isa = PBXBuildFile; fileRef = 949BCF4A2B26046000ECDD41 /* MainView.swift */; };
		949BCF4D2B26048E00ECDD41 /* SearchView.swift in Sources */ = {isa = PBXBuildFile; fileRef = 949BCF4C2B26048E00ECDD41 /* SearchView.swift */; };
		949BCF4F2B2604F400ECDD41 /* SavedNewsView.swift in Sources */ = {isa = PBXBuildFile; fileRef = 949BCF4E2B2604F400ECDD41 /* SavedNewsView.swift */; };
		949BCF512B26051600ECDD41 /* SettingsView.swift in Sources */ = {isa = PBXBuildFile; fileRef = 949BCF502B26051600ECDD41 /* SettingsView.swift */; };
		94A1DDCB2B20DC0A0067A7C0 /* Future_NewsApp.swift in Sources */ = {isa = PBXBuildFile; fileRef = 94A1DDCA2B20DC0A0067A7C0 /* Future_NewsApp.swift */; };
		94A1DDCD2B20DC0A0067A7C0 /* HomeView.swift in Sources */ = {isa = PBXBuildFile; fileRef = 94A1DDCC2B20DC0A0067A7C0 /* HomeView.swift */; };
		94A1DDCF2B20DC0C0067A7C0 /* Assets.xcassets in Resources */ = {isa = PBXBuildFile; fileRef = 94A1DDCE2B20DC0C0067A7C0 /* Assets.xcassets */; };
		94A1DDD92B20DD9B0067A7C0 /* SearchNews.swift in Sources */ = {isa = PBXBuildFile; fileRef = 94A1DDD82B20DD9B0067A7C0 /* SearchNews.swift */; };
		94ADF9B32B5569060078A6D3 /* SDWebImageSwiftUI in Frameworks */ = {isa = PBXBuildFile; productRef = 94ADF9B22B5569060078A6D3 /* SDWebImageSwiftUI */; };
		94ADF9C32B557F620078A6D3 /* GIFView.swift in Sources */ = {isa = PBXBuildFile; fileRef = 94ADF9C22B557F610078A6D3 /* GIFView.swift */; };
		94ADF9C52B558C900078A6D3 /* AlertView.swift in Sources */ = {isa = PBXBuildFile; fileRef = 94ADF9C42B558C900078A6D3 /* AlertView.swift */; };
		94ADF9C72B5594830078A6D3 /* ScreenSizeEnvironmentKey.swift in Sources */ = {isa = PBXBuildFile; fileRef = 94ADF9C62B5594830078A6D3 /* ScreenSizeEnvironmentKey.swift */; };
		94ADF9CA2B55955E0078A6D3 /* + EnvironmentValues.swift in Sources */ = {isa = PBXBuildFile; fileRef = 94ADF9C92B55955E0078A6D3 /* + EnvironmentValues.swift */; };
		94BF249E2B221A2A0034F9D8 /* API URL Config.swift in Sources */ = {isa = PBXBuildFile; fileRef = 94BF249D2B221A2A0034F9D8 /* API URL Config.swift */; };
		94BF24A12B221A6B0034F9D8 /* + APIConfiqError.swift in Sources */ = {isa = PBXBuildFile; fileRef = 94BF24A02B221A6B0034F9D8 /* + APIConfiqError.swift */; };
		94BF24A32B221A870034F9D8 /* + APIParameter.swift in Sources */ = {isa = PBXBuildFile; fileRef = 94BF24A22B221A870034F9D8 /* + APIParameter.swift */; };
		94BF24A52B221AAC0034F9D8 /* + APIPath.swift in Sources */ = {isa = PBXBuildFile; fileRef = 94BF24A42B221AAC0034F9D8 /* + APIPath.swift */; };
		94BF24A72B221C860034F9D8 /* ExtractNews.swift in Sources */ = {isa = PBXBuildFile; fileRef = 94BF24A62B221C860034F9D8 /* ExtractNews.swift */; };
		94BF24A92B221CA00034F9D8 /* ExtractNewsLinks.swift in Sources */ = {isa = PBXBuildFile; fileRef = 94BF24A82B221CA00034F9D8 /* ExtractNewsLinks.swift */; };
		94BF24AB2B221CB80034F9D8 /* GeoCoordinates.swift in Sources */ = {isa = PBXBuildFile; fileRef = 94BF24AA2B221CB80034F9D8 /* GeoCoordinates.swift */; };
		94BF24AD2B221CE10034F9D8 /* RSSFeed.swift in Sources */ = {isa = PBXBuildFile; fileRef = 94BF24AC2B221CE10034F9D8 /* RSSFeed.swift */; };
		94ED72E72B2C86E700D29AE1 /* WrappingHStack in Frameworks */ = {isa = PBXBuildFile; productRef = 94ED72E62B2C86E700D29AE1 /* WrappingHStack */; };
		94ED72E92B2C904400D29AE1 /* PublisherButton.swift in Sources */ = {isa = PBXBuildFile; fileRef = 94ED72E82B2C904400D29AE1 /* PublisherButton.swift */; };
		94ED72EC2B2C908500D29AE1 /* + Color.swift in Sources */ = {isa = PBXBuildFile; fileRef = 94ED72EB2B2C908500D29AE1 /* + Color.swift */; };
/* End PBXBuildFile section */

/* Begin PBXFileReference section */
		94154ECE2B3898C700F1238B /* GradientView.swift */ = {isa = PBXFileReference; lastKnownFileType = sourcecode.swift; path = GradientView.swift; sourceTree = "<group>"; };
		941972702B530AFB008644FF /* Task List */ = {isa = PBXFileReference; lastKnownFileType = text; path = "Task List"; sourceTree = "<group>"; };
		942397CE2B5BF29E00DDD587 /* NewsCell.swift */ = {isa = PBXFileReference; lastKnownFileType = sourcecode.swift; path = NewsCell.swift; sourceTree = "<group>"; };
		9423BC112B24B79B00D23418 /* CardView.swift */ = {isa = PBXFileReference; lastKnownFileType = sourcecode.swift; path = CardView.swift; sourceTree = "<group>"; };
		9423BC132B24B82400D23418 /* TabCard.swift */ = {isa = PBXFileReference; lastKnownFileType = sourcecode.swift; path = TabCard.swift; sourceTree = "<group>"; };
		9423BC152B24BAC200D23418 /* TabPageControl.swift */ = {isa = PBXFileReference; lastKnownFileType = sourcecode.swift; path = TabPageControl.swift; sourceTree = "<group>"; };
		9423BC1D2B24CB9300D23418 /* SegmentedView.swift */ = {isa = PBXFileReference; lastKnownFileType = sourcecode.swift; path = SegmentedView.swift; sourceTree = "<group>"; };
		94399FA72B29F54F00FAE319 /* CollapsedPickerView.swift */ = {isa = PBXFileReference; lastKnownFileType = sourcecode.swift; path = CollapsedPickerView.swift; sourceTree = "<group>"; };
		94399FAC2B2A06A900FAE319 /* GridPublishers.swift */ = {isa = PBXFileReference; lastKnownFileType = sourcecode.swift; path = GridPublishers.swift; sourceTree = "<group>"; };
		943BFDCF2B233FCA00B2E677 /* ApiService.swift */ = {isa = PBXFileReference; lastKnownFileType = sourcecode.swift; path = ApiService.swift; sourceTree = "<group>"; };
		943BFDD12B23517F00B2E677 /* NewsViewModel.swift */ = {isa = PBXFileReference; lastKnownFileType = sourcecode.swift; path = NewsViewModel.swift; sourceTree = "<group>"; };
		943EC2032B28A9B60023BA08 /* DestinationSearchView.swift */ = {isa = PBXFileReference; lastKnownFileType = sourcecode.swift; path = DestinationSearchView.swift; sourceTree = "<group>"; };
		945313B42B5ACFB10015FF05 /* MenuView.swift */ = {isa = PBXFileReference; lastKnownFileType = sourcecode.swift; path = MenuView.swift; sourceTree = "<group>"; };
		945313B62B5AD37A0015FF05 /* VisualEffectView.swift */ = {isa = PBXFileReference; lastKnownFileType = sourcecode.swift; path = VisualEffectView.swift; sourceTree = "<group>"; };
		94612A812B55B7A50001808E /* dragon.gif */ = {isa = PBXFileReference; lastKnownFileType = image.gif; path = dragon.gif; sourceTree = "<group>"; };
		946940BB2B3330DA00F87C47 /* UnderlineModifier.swift */ = {isa = PBXFileReference; lastKnownFileType = sourcecode.swift; path = UnderlineModifier.swift; sourceTree = "<group>"; };
		946940BD2B3330FD00F87C47 /* SegmentedButtonView.swift */ = {isa = PBXFileReference; lastKnownFileType = sourcecode.swift; path = SegmentedButtonView.swift; sourceTree = "<group>"; };
		946940BF2B33311A00F87C47 /* RectPreferenceKey.swift */ = {isa = PBXFileReference; lastKnownFileType = sourcecode.swift; path = RectPreferenceKey.swift; sourceTree = "<group>"; };
		946940C12B3332A600F87C47 /* LoadingScreen.swift */ = {isa = PBXFileReference; lastKnownFileType = sourcecode.swift; path = LoadingScreen.swift; sourceTree = "<group>"; };
		946940C52B33437900F87C47 /* NewsDetails.swift */ = {isa = PBXFileReference; lastKnownFileType = sourcecode.swift; path = NewsDetails.swift; sourceTree = "<group>"; };
		948B97542B583E3D009237D7 /* AdvancedScrollView.swift */ = {isa = PBXFileReference; lastKnownFileType = sourcecode.swift; path = AdvancedScrollView.swift; sourceTree = "<group>"; };
		948B97572B583E92009237D7 /* ViewOffsetKey.swift */ = {isa = PBXFileReference; lastKnownFileType = sourcecode.swift; path = ViewOffsetKey.swift; sourceTree = "<group>"; };
		948B97592B583EB4009237D7 /* ViewHeightKey.swift */ = {isa = PBXFileReference; lastKnownFileType = sourcecode.swift; path = ViewHeightKey.swift; sourceTree = "<group>"; };
		948B975B2B583F2A009237D7 /* DynamicView.swift */ = {isa = PBXFileReference; lastKnownFileType = sourcecode.swift; path = DynamicView.swift; sourceTree = "<group>"; };
		948D4C142B544322007791D4 /* CustomLoadingView.swift */ = {isa = PBXFileReference; lastKnownFileType = sourcecode.swift; path = CustomLoadingView.swift; sourceTree = "<group>"; };
		949BCF462B26004800ECDD41 /* NewsList.swift */ = {isa = PBXFileReference; lastKnownFileType = sourcecode.swift; path = NewsList.swift; sourceTree = "<group>"; };
		949BCF482B26025E00ECDD41 /* AllNewsView.swift */ = {isa = PBXFileReference; lastKnownFileType = sourcecode.swift; path = AllNewsView.swift; sourceTree = "<group>"; };
		949BCF4A2B26046000ECDD41 /* MainView.swift */ = {isa = PBXFileReference; lastKnownFileType = sourcecode.swift; path = MainView.swift; sourceTree = "<group>"; };
		949BCF4C2B26048E00ECDD41 /* SearchView.swift */ = {isa = PBXFileReference; lastKnownFileType = sourcecode.swift; path = SearchView.swift; sourceTree = "<group>"; };
		949BCF4E2B2604F400ECDD41 /* SavedNewsView.swift */ = {isa = PBXFileReference; lastKnownFileType = sourcecode.swift; path = SavedNewsView.swift; sourceTree = "<group>"; };
		949BCF502B26051600ECDD41 /* SettingsView.swift */ = {isa = PBXFileReference; lastKnownFileType = sourcecode.swift; path = SettingsView.swift; sourceTree = "<group>"; };
		94A1DDC72B20DC0A0067A7C0 /* Future News.app */ = {isa = PBXFileReference; explicitFileType = wrapper.application; includeInIndex = 0; path = "Future News.app"; sourceTree = BUILT_PRODUCTS_DIR; };
		94A1DDCA2B20DC0A0067A7C0 /* Future_NewsApp.swift */ = {isa = PBXFileReference; lastKnownFileType = sourcecode.swift; path = Future_NewsApp.swift; sourceTree = "<group>"; };
		94A1DDCC2B20DC0A0067A7C0 /* HomeView.swift */ = {isa = PBXFileReference; lastKnownFileType = sourcecode.swift; path = HomeView.swift; sourceTree = "<group>"; };
		94A1DDCE2B20DC0C0067A7C0 /* Assets.xcassets */ = {isa = PBXFileReference; lastKnownFileType = folder.assetcatalog; path = Assets.xcassets; sourceTree = "<group>"; };
		94A1DDD82B20DD9B0067A7C0 /* SearchNews.swift */ = {isa = PBXFileReference; lastKnownFileType = sourcecode.swift; path = SearchNews.swift; sourceTree = "<group>"; };
		94ADF9BD2B556ED00078A6D3 /* Preview Assets.xcassets */ = {isa = PBXFileReference; lastKnownFileType = folder.assetcatalog; path = "Preview Assets.xcassets"; sourceTree = "<group>"; };
		94ADF9C22B557F610078A6D3 /* GIFView.swift */ = {isa = PBXFileReference; lastKnownFileType = sourcecode.swift; path = GIFView.swift; sourceTree = "<group>"; };
		94ADF9C42B558C900078A6D3 /* AlertView.swift */ = {isa = PBXFileReference; lastKnownFileType = sourcecode.swift; path = AlertView.swift; sourceTree = "<group>"; };
		94ADF9C62B5594830078A6D3 /* ScreenSizeEnvironmentKey.swift */ = {isa = PBXFileReference; lastKnownFileType = sourcecode.swift; path = ScreenSizeEnvironmentKey.swift; sourceTree = "<group>"; };
		94ADF9C92B55955E0078A6D3 /* + EnvironmentValues.swift */ = {isa = PBXFileReference; lastKnownFileType = sourcecode.swift; path = "+ EnvironmentValues.swift"; sourceTree = "<group>"; };
		94BF249D2B221A2A0034F9D8 /* API URL Config.swift */ = {isa = PBXFileReference; lastKnownFileType = sourcecode.swift; path = "API URL Config.swift"; sourceTree = "<group>"; };
		94BF24A02B221A6B0034F9D8 /* + APIConfiqError.swift */ = {isa = PBXFileReference; lastKnownFileType = sourcecode.swift; path = "+ APIConfiqError.swift"; sourceTree = "<group>"; };
		94BF24A22B221A870034F9D8 /* + APIParameter.swift */ = {isa = PBXFileReference; lastKnownFileType = sourcecode.swift; path = "+ APIParameter.swift"; sourceTree = "<group>"; };
		94BF24A42B221AAC0034F9D8 /* + APIPath.swift */ = {isa = PBXFileReference; lastKnownFileType = sourcecode.swift; path = "+ APIPath.swift"; sourceTree = "<group>"; };
		94BF24A62B221C860034F9D8 /* ExtractNews.swift */ = {isa = PBXFileReference; lastKnownFileType = sourcecode.swift; path = ExtractNews.swift; sourceTree = "<group>"; };
		94BF24A82B221CA00034F9D8 /* ExtractNewsLinks.swift */ = {isa = PBXFileReference; lastKnownFileType = sourcecode.swift; path = ExtractNewsLinks.swift; sourceTree = "<group>"; };
		94BF24AA2B221CB80034F9D8 /* GeoCoordinates.swift */ = {isa = PBXFileReference; lastKnownFileType = sourcecode.swift; path = GeoCoordinates.swift; sourceTree = "<group>"; };
		94BF24AC2B221CE10034F9D8 /* RSSFeed.swift */ = {isa = PBXFileReference; lastKnownFileType = sourcecode.swift; path = RSSFeed.swift; sourceTree = "<group>"; };
		94ED72E82B2C904400D29AE1 /* PublisherButton.swift */ = {isa = PBXFileReference; lastKnownFileType = sourcecode.swift; path = PublisherButton.swift; sourceTree = "<group>"; };
		94ED72EB2B2C908500D29AE1 /* + Color.swift */ = {isa = PBXFileReference; lastKnownFileType = sourcecode.swift; path = "+ Color.swift"; sourceTree = "<group>"; };
/* End PBXFileReference section */

/* Begin PBXFrameworksBuildPhase section */
		94A1DDC42B20DC0A0067A7C0 /* Frameworks */ = {
			isa = PBXFrameworksBuildPhase;
			buildActionMask = 2147483647;
			files = (
				94ADF9B32B5569060078A6D3 /* SDWebImageSwiftUI in Frameworks */,
				942B71E22B38764A00A94E68 /* WrappingHStack in Frameworks */,
				942B71E42B38766400A94E68 /* WrappingHStack in Frameworks */,
				94ED72E72B2C86E700D29AE1 /* WrappingHStack in Frameworks */,
				948D4C182B5448C3007791D4 /* FLAnimatedImage in Frameworks */,
			);
			runOnlyForDeploymentPostprocessing = 0;
		};
/* End PBXFrameworksBuildPhase section */

/* Begin PBXGroup section */
		9423BC172B24BFAC00D23418 /* TabCard */ = {
			isa = PBXGroup;
			children = (
				9423BC132B24B82400D23418 /* TabCard.swift */,
				9423BC112B24B79B00D23418 /* CardView.swift */,
				9423BC152B24BAC200D23418 /* TabPageControl.swift */,
			);
			path = TabCard;
			sourceTree = "<group>";
		};
		9423BC212B24CE8B00D23418 /* SegmentedView */ = {
			isa = PBXGroup;
			children = (
				9423BC1D2B24CB9300D23418 /* SegmentedView.swift */,
				946940BB2B3330DA00F87C47 /* UnderlineModifier.swift */,
				946940BD2B3330FD00F87C47 /* SegmentedButtonView.swift */,
				946940BF2B33311A00F87C47 /* RectPreferenceKey.swift */,
			);
			path = SegmentedView;
			sourceTree = "<group>";
		};
		945313B32B5ACF7B0015FF05 /* NewsDetails */ = {
			isa = PBXGroup;
			children = (
				946940C52B33437900F87C47 /* NewsDetails.swift */,
				945313B42B5ACFB10015FF05 /* MenuView.swift */,
				948B975B2B583F2A009237D7 /* DynamicView.swift */,
				948B97562B583E76009237D7 /* AdvancedScrollView */,
			);
			path = NewsDetails;
			sourceTree = "<group>";
		};
		946940C32B33333500F87C47 /* NewsView */ = {
			isa = PBXGroup;
			children = (
				949BCF482B26025E00ECDD41 /* AllNewsView.swift */,
				949BCF532B26195D00ECDD41 /* List */,
			);
			path = NewsView;
			sourceTree = "<group>";
		};
		946940C42B33338300F87C47 /* CustomProgressView */ = {
			isa = PBXGroup;
			children = (
				948D4C142B544322007791D4 /* CustomLoadingView.swift */,
				946940C12B3332A600F87C47 /* LoadingScreen.swift */,
				94ADF9C22B557F610078A6D3 /* GIFView.swift */,
				94ADF9C42B558C900078A6D3 /* AlertView.swift */,
			);
			path = CustomProgressView;
			sourceTree = "<group>";
		};
		948B97562B583E76009237D7 /* AdvancedScrollView */ = {
			isa = PBXGroup;
			children = (
				948B97542B583E3D009237D7 /* AdvancedScrollView.swift */,
				948B97572B583E92009237D7 /* ViewOffsetKey.swift */,
				948B97592B583EB4009237D7 /* ViewHeightKey.swift */,
			);
			path = AdvancedScrollView;
			sourceTree = "<group>";
		};
		949BCF522B26194A00ECDD41 /* HomeView */ = {
			isa = PBXGroup;
			children = (
				94A1DDCC2B20DC0A0067A7C0 /* HomeView.swift */,
				949BCF562B261A8700ECDD41 /* SearchView */,
				946940C42B33338300F87C47 /* CustomProgressView */,
				946940C32B33333500F87C47 /* NewsView */,
				9423BC212B24CE8B00D23418 /* SegmentedView */,
				9423BC172B24BFAC00D23418 /* TabCard */,
			);
			path = HomeView;
			sourceTree = "<group>";
		};
		949BCF532B26195D00ECDD41 /* List */ = {
			isa = PBXGroup;
			children = (
				949BCF462B26004800ECDD41 /* NewsList.swift */,
				942397CE2B5BF29E00DDD587 /* NewsCell.swift */,
				945313B32B5ACF7B0015FF05 /* NewsDetails */,
			);
			path = List;
			sourceTree = "<group>";
		};
		949BCF552B261A7900ECDD41 /* SettingsView */ = {
			isa = PBXGroup;
			children = (
				949BCF502B26051600ECDD41 /* SettingsView.swift */,
			);
			path = SettingsView;
			sourceTree = "<group>";
		};
		949BCF562B261A8700ECDD41 /* SearchView */ = {
			isa = PBXGroup;
			children = (
				949BCF4C2B26048E00ECDD41 /* SearchView.swift */,
				943EC2032B28A9B60023BA08 /* DestinationSearchView.swift */,
				94399FA72B29F54F00FAE319 /* CollapsedPickerView.swift */,
				94ED72EA2B2C906F00D29AE1 /* GridPublishers */,
			);
			path = SearchView;
			sourceTree = "<group>";
		};
		949BCF572B261A9600ECDD41 /* SavedNewsView */ = {
			isa = PBXGroup;
			children = (
				949BCF4E2B2604F400ECDD41 /* SavedNewsView.swift */,
			);
			path = SavedNewsView;
			sourceTree = "<group>";
		};
		94A1DDBE2B20DC0A0067A7C0 = {
			isa = PBXGroup;
			children = (
				941972702B530AFB008644FF /* Task List */,
				94A1DDC92B20DC0A0067A7C0 /* Future News */,
				94A1DDC82B20DC0A0067A7C0 /* Products */,
			);
			sourceTree = "<group>";
		};
		94A1DDC82B20DC0A0067A7C0 /* Products */ = {
			isa = PBXGroup;
			children = (
				94A1DDC72B20DC0A0067A7C0 /* Future News.app */,
			);
			name = Products;
			sourceTree = "<group>";
		};
		94A1DDC92B20DC0A0067A7C0 /* Future News */ = {
			isa = PBXGroup;
			children = (
				94A1DDCA2B20DC0A0067A7C0 /* Future_NewsApp.swift */,
				94BF24AF2B221ED50034F9D8 /* Views */,
				94BF24B42B223CA40034F9D8 /* ViewModel */,
				94A1DDDA2B20DDAC0067A7C0 /* Models */,
				94ADF9C82B5594930078A6D3 /* Tools */,
				94ADF9BC2B556EA10078A6D3 /* Preview Content */,
				94612A812B55B7A50001808E /* dragon.gif */,
				94A1DDCE2B20DC0C0067A7C0 /* Assets.xcassets */,
			);
			path = "Future News";
			sourceTree = "<group>";
		};
		94A1DDDA2B20DDAC0067A7C0 /* Models */ = {
			isa = PBXGroup;
			children = (
				943BFDCF2B233FCA00B2E677 /* ApiService.swift */,
				94BF24AE2B221D0D0034F9D8 /* ModelData */,
				94BF249F2B221A310034F9D8 /* URL Config */,
			);
			path = Models;
			sourceTree = "<group>";
		};
		94ADF9BC2B556EA10078A6D3 /* Preview Content */ = {
			isa = PBXGroup;
			children = (
				94ADF9BD2B556ED00078A6D3 /* Preview Assets.xcassets */,
			);
			path = "Preview Content";
			sourceTree = "<group>";
		};
		94ADF9C82B5594930078A6D3 /* Tools */ = {
			isa = PBXGroup;
			children = (
				94ADF9C62B5594830078A6D3 /* ScreenSizeEnvironmentKey.swift */,
				94ADF9C92B55955E0078A6D3 /* + EnvironmentValues.swift */,
			);
			path = Tools;
			sourceTree = "<group>";
		};
		94BF249F2B221A310034F9D8 /* URL Config */ = {
			isa = PBXGroup;
			children = (
				94BF249D2B221A2A0034F9D8 /* API URL Config.swift */,
				94BF24A02B221A6B0034F9D8 /* + APIConfiqError.swift */,
				94BF24A22B221A870034F9D8 /* + APIParameter.swift */,
				94BF24A42B221AAC0034F9D8 /* + APIPath.swift */,
			);
			path = "URL Config";
			sourceTree = "<group>";
		};
		94BF24AE2B221D0D0034F9D8 /* ModelData */ = {
			isa = PBXGroup;
			children = (
				94A1DDD82B20DD9B0067A7C0 /* SearchNews.swift */,
				94BF24A62B221C860034F9D8 /* ExtractNews.swift */,
				94BF24A82B221CA00034F9D8 /* ExtractNewsLinks.swift */,
				94BF24AA2B221CB80034F9D8 /* GeoCoordinates.swift */,
				94BF24AC2B221CE10034F9D8 /* RSSFeed.swift */,
			);
			path = ModelData;
			sourceTree = "<group>";
		};
		94BF24AF2B221ED50034F9D8 /* Views */ = {
			isa = PBXGroup;
			children = (
				949BCF4A2B26046000ECDD41 /* MainView.swift */,
				94154ECE2B3898C700F1238B /* GradientView.swift */,
				945313B62B5AD37A0015FF05 /* VisualEffectView.swift */,
				949BCF552B261A7900ECDD41 /* SettingsView */,
				949BCF572B261A9600ECDD41 /* SavedNewsView */,
				949BCF522B26194A00ECDD41 /* HomeView */,
			);
			path = Views;
			sourceTree = "<group>";
		};
		94BF24B42B223CA40034F9D8 /* ViewModel */ = {
			isa = PBXGroup;
			children = (
				943BFDD12B23517F00B2E677 /* NewsViewModel.swift */,
			);
			path = ViewModel;
			sourceTree = "<group>";
		};
		94ED72EA2B2C906F00D29AE1 /* GridPublishers */ = {
			isa = PBXGroup;
			children = (
				94399FAC2B2A06A900FAE319 /* GridPublishers.swift */,
				94ED72E82B2C904400D29AE1 /* PublisherButton.swift */,
				94ED72EB2B2C908500D29AE1 /* + Color.swift */,
			);
			path = GridPublishers;
			sourceTree = "<group>";
		};
/* End PBXGroup section */

/* Begin PBXNativeTarget section */
		94A1DDC62B20DC0A0067A7C0 /* Future News */ = {
			isa = PBXNativeTarget;
			buildConfigurationList = 94A1DDD52B20DC0C0067A7C0 /* Build configuration list for PBXNativeTarget "Future News" */;
			buildPhases = (
				94A1DDC32B20DC0A0067A7C0 /* Sources */,
				94A1DDC42B20DC0A0067A7C0 /* Frameworks */,
				94A1DDC52B20DC0A0067A7C0 /* Resources */,
			);
			buildRules = (
			);
			dependencies = (
			);
			name = "Future News";
			packageProductDependencies = (
				94ED72E62B2C86E700D29AE1 /* WrappingHStack */,
				942B71E12B38764A00A94E68 /* WrappingHStack */,
				942B71E32B38766400A94E68 /* WrappingHStack */,
				948D4C172B5448C3007791D4 /* FLAnimatedImage */,
				94ADF9B22B5569060078A6D3 /* SDWebImageSwiftUI */,
			);
			productName = "Future News";
			productReference = 94A1DDC72B20DC0A0067A7C0 /* Future News.app */;
			productType = "com.apple.product-type.application";
		};
/* End PBXNativeTarget section */

/* Begin PBXProject section */
		94A1DDBF2B20DC0A0067A7C0 /* Project object */ = {
			isa = PBXProject;
			attributes = {
				BuildIndependentTargetsInParallel = 1;
				LastSwiftUpdateCheck = 1500;
				LastUpgradeCheck = 1500;
				TargetAttributes = {
					94A1DDC62B20DC0A0067A7C0 = {
						CreatedOnToolsVersion = 15.0.1;
					};
				};
			};
			buildConfigurationList = 94A1DDC22B20DC0A0067A7C0 /* Build configuration list for PBXProject "Future News" */;
			compatibilityVersion = "Xcode 14.0";
			developmentRegion = en;
			hasScannedForEncodings = 0;
			knownRegions = (
				en,
				Base,
			);
			mainGroup = 94A1DDBE2B20DC0A0067A7C0;
			packageReferences = (
				94ED72E52B2C86E700D29AE1 /* XCRemoteSwiftPackageReference "WrappingHStack" */,
				948D4C162B5448C3007791D4 /* XCRemoteSwiftPackageReference "FLAnimatedImage" */,
				94ADF9B12B5569060078A6D3 /* XCRemoteSwiftPackageReference "SDWebImageSwiftUI" */,
			);
			productRefGroup = 94A1DDC82B20DC0A0067A7C0 /* Products */;
			projectDirPath = "";
			projectRoot = "";
			targets = (
				94A1DDC62B20DC0A0067A7C0 /* Future News */,
			);
		};
/* End PBXProject section */

/* Begin PBXResourcesBuildPhase section */
		94A1DDC52B20DC0A0067A7C0 /* Resources */ = {
			isa = PBXResourcesBuildPhase;
			buildActionMask = 2147483647;
			files = (
				941972712B530AFB008644FF /* Task List in Resources */,
				94612A822B55B7A50001808E /* dragon.gif in Resources */,
				94A1DDCF2B20DC0C0067A7C0 /* Assets.xcassets in Resources */,
			);
			runOnlyForDeploymentPostprocessing = 0;
		};
/* End PBXResourcesBuildPhase section */

/* Begin PBXSourcesBuildPhase section */
		94A1DDC32B20DC0A0067A7C0 /* Sources */ = {
			isa = PBXSourcesBuildPhase;
			buildActionMask = 2147483647;
			files = (
				9423BC122B24B79B00D23418 /* CardView.swift in Sources */,
				94ED72E92B2C904400D29AE1 /* PublisherButton.swift in Sources */,
				94A1DDD92B20DD9B0067A7C0 /* SearchNews.swift in Sources */,
				94A1DDCD2B20DC0A0067A7C0 /* HomeView.swift in Sources */,
				942397CF2B5BF29E00DDD587 /* NewsCell.swift in Sources */,
				943BFDD02B233FCA00B2E677 /* ApiService.swift in Sources */,
				94BF24A72B221C860034F9D8 /* ExtractNews.swift in Sources */,
				94ADF9C72B5594830078A6D3 /* ScreenSizeEnvironmentKey.swift in Sources */,
				948B975A2B583EB4009237D7 /* ViewHeightKey.swift in Sources */,
				94BF24AD2B221CE10034F9D8 /* RSSFeed.swift in Sources */,
				94ADF9CA2B55955E0078A6D3 /* + EnvironmentValues.swift in Sources */,
				946940BE2B3330FD00F87C47 /* SegmentedButtonView.swift in Sources */,
				949BCF472B26004800ECDD41 /* NewsList.swift in Sources */,
				949BCF4B2B26046000ECDD41 /* MainView.swift in Sources */,
				946940BC2B3330DA00F87C47 /* UnderlineModifier.swift in Sources */,
				946940C22B3332A600F87C47 /* LoadingScreen.swift in Sources */,
				946940C62B33437900F87C47 /* NewsDetails.swift in Sources */,
				94ADF9C32B557F620078A6D3 /* GIFView.swift in Sources */,
				948B975C2B583F2A009237D7 /* DynamicView.swift in Sources */,
				949BCF4F2B2604F400ECDD41 /* SavedNewsView.swift in Sources */,
				94ED72EC2B2C908500D29AE1 /* + Color.swift in Sources */,
				945313B72B5AD37A0015FF05 /* VisualEffectView.swift in Sources */,
				949BCF492B26025E00ECDD41 /* AllNewsView.swift in Sources */,
				94ADF9C52B558C900078A6D3 /* AlertView.swift in Sources */,
				948D4C152B544322007791D4 /* CustomLoadingView.swift in Sources */,
				94BF24A32B221A870034F9D8 /* + APIParameter.swift in Sources */,
				943EC2042B28A9B60023BA08 /* DestinationSearchView.swift in Sources */,
				94BF24A92B221CA00034F9D8 /* ExtractNewsLinks.swift in Sources */,
				948B97552B583E3D009237D7 /* AdvancedScrollView.swift in Sources */,
				949BCF4D2B26048E00ECDD41 /* SearchView.swift in Sources */,
				949BCF512B26051600ECDD41 /* SettingsView.swift in Sources */,
				945313B52B5ACFB10015FF05 /* MenuView.swift in Sources */,
				94BF249E2B221A2A0034F9D8 /* API URL Config.swift in Sources */,
				94154ECF2B3898C700F1238B /* GradientView.swift in Sources */,
				94399FAD2B2A06A900FAE319 /* GridPublishers.swift in Sources */,
				948B97582B583E92009237D7 /* ViewOffsetKey.swift in Sources */,
				94BF24A12B221A6B0034F9D8 /* + APIConfiqError.swift in Sources */,
				9423BC162B24BAC200D23418 /* TabPageControl.swift in Sources */,
				94399FA82B29F54F00FAE319 /* CollapsedPickerView.swift in Sources */,
				94A1DDCB2B20DC0A0067A7C0 /* Future_NewsApp.swift in Sources */,
				943BFDD22B23517F00B2E677 /* NewsViewModel.swift in Sources */,
				9423BC142B24B82400D23418 /* TabCard.swift in Sources */,
				94BF24A52B221AAC0034F9D8 /* + APIPath.swift in Sources */,
				94BF24AB2B221CB80034F9D8 /* GeoCoordinates.swift in Sources */,
				946940C02B33311A00F87C47 /* RectPreferenceKey.swift in Sources */,
				9423BC1E2B24CB9300D23418 /* SegmentedView.swift in Sources */,
			);
			runOnlyForDeploymentPostprocessing = 0;
		};
/* End PBXSourcesBuildPhase section */

/* Begin XCBuildConfiguration section */
		94A1DDD32B20DC0C0067A7C0 /* Debug */ = {
			isa = XCBuildConfiguration;
			buildSettings = {
				ALWAYS_SEARCH_USER_PATHS = NO;
				ASSETCATALOG_COMPILER_GENERATE_SWIFT_ASSET_SYMBOL_EXTENSIONS = YES;
				CLANG_ANALYZER_NONNULL = YES;
				CLANG_ANALYZER_NUMBER_OBJECT_CONVERSION = YES_AGGRESSIVE;
				CLANG_CXX_LANGUAGE_STANDARD = "gnu++20";
				CLANG_ENABLE_MODULES = YES;
				CLANG_ENABLE_OBJC_ARC = YES;
				CLANG_ENABLE_OBJC_WEAK = YES;
				CLANG_WARN_BLOCK_CAPTURE_AUTORELEASING = YES;
				CLANG_WARN_BOOL_CONVERSION = YES;
				CLANG_WARN_COMMA = YES;
				CLANG_WARN_CONSTANT_CONVERSION = YES;
				CLANG_WARN_DEPRECATED_OBJC_IMPLEMENTATIONS = YES;
				CLANG_WARN_DIRECT_OBJC_ISA_USAGE = YES_ERROR;
				CLANG_WARN_DOCUMENTATION_COMMENTS = YES;
				CLANG_WARN_EMPTY_BODY = YES;
				CLANG_WARN_ENUM_CONVERSION = YES;
				CLANG_WARN_INFINITE_RECURSION = YES;
				CLANG_WARN_INT_CONVERSION = YES;
				CLANG_WARN_NON_LITERAL_NULL_CONVERSION = YES;
				CLANG_WARN_OBJC_IMPLICIT_RETAIN_SELF = YES;
				CLANG_WARN_OBJC_LITERAL_CONVERSION = YES;
				CLANG_WARN_OBJC_ROOT_CLASS = YES_ERROR;
				CLANG_WARN_QUOTED_INCLUDE_IN_FRAMEWORK_HEADER = YES;
				CLANG_WARN_RANGE_LOOP_ANALYSIS = YES;
				CLANG_WARN_STRICT_PROTOTYPES = YES;
				CLANG_WARN_SUSPICIOUS_MOVE = YES;
				CLANG_WARN_UNGUARDED_AVAILABILITY = YES_AGGRESSIVE;
				CLANG_WARN_UNREACHABLE_CODE = YES;
				CLANG_WARN__DUPLICATE_METHOD_MATCH = YES;
				COPY_PHASE_STRIP = NO;
				DEBUG_INFORMATION_FORMAT = dwarf;
				ENABLE_STRICT_OBJC_MSGSEND = YES;
				ENABLE_TESTABILITY = YES;
				ENABLE_USER_SCRIPT_SANDBOXING = YES;
				GCC_C_LANGUAGE_STANDARD = gnu17;
				GCC_DYNAMIC_NO_PIC = NO;
				GCC_NO_COMMON_BLOCKS = YES;
				GCC_OPTIMIZATION_LEVEL = 0;
				GCC_PREPROCESSOR_DEFINITIONS = (
					"DEBUG=1",
					"$(inherited)",
				);
				GCC_WARN_64_TO_32_BIT_CONVERSION = YES;
				GCC_WARN_ABOUT_RETURN_TYPE = YES_ERROR;
				GCC_WARN_UNDECLARED_SELECTOR = YES;
				GCC_WARN_UNINITIALIZED_AUTOS = YES_AGGRESSIVE;
				GCC_WARN_UNUSED_FUNCTION = YES;
				GCC_WARN_UNUSED_VARIABLE = YES;
				IPHONEOS_DEPLOYMENT_TARGET = 17.0;
				LOCALIZATION_PREFERS_STRING_CATALOGS = YES;
				MTL_ENABLE_DEBUG_INFO = INCLUDE_SOURCE;
				MTL_FAST_MATH = YES;
				ONLY_ACTIVE_ARCH = YES;
				SDKROOT = iphoneos;
				SWIFT_ACTIVE_COMPILATION_CONDITIONS = "DEBUG $(inherited)";
				SWIFT_OPTIMIZATION_LEVEL = "-Onone";
			};
			name = Debug;
		};
		94A1DDD42B20DC0C0067A7C0 /* Release */ = {
			isa = XCBuildConfiguration;
			buildSettings = {
				ALWAYS_SEARCH_USER_PATHS = NO;
				ASSETCATALOG_COMPILER_GENERATE_SWIFT_ASSET_SYMBOL_EXTENSIONS = YES;
				CLANG_ANALYZER_NONNULL = YES;
				CLANG_ANALYZER_NUMBER_OBJECT_CONVERSION = YES_AGGRESSIVE;
				CLANG_CXX_LANGUAGE_STANDARD = "gnu++20";
				CLANG_ENABLE_MODULES = YES;
				CLANG_ENABLE_OBJC_ARC = YES;
				CLANG_ENABLE_OBJC_WEAK = YES;
				CLANG_WARN_BLOCK_CAPTURE_AUTORELEASING = YES;
				CLANG_WARN_BOOL_CONVERSION = YES;
				CLANG_WARN_COMMA = YES;
				CLANG_WARN_CONSTANT_CONVERSION = YES;
				CLANG_WARN_DEPRECATED_OBJC_IMPLEMENTATIONS = YES;
				CLANG_WARN_DIRECT_OBJC_ISA_USAGE = YES_ERROR;
				CLANG_WARN_DOCUMENTATION_COMMENTS = YES;
				CLANG_WARN_EMPTY_BODY = YES;
				CLANG_WARN_ENUM_CONVERSION = YES;
				CLANG_WARN_INFINITE_RECURSION = YES;
				CLANG_WARN_INT_CONVERSION = YES;
				CLANG_WARN_NON_LITERAL_NULL_CONVERSION = YES;
				CLANG_WARN_OBJC_IMPLICIT_RETAIN_SELF = YES;
				CLANG_WARN_OBJC_LITERAL_CONVERSION = YES;
				CLANG_WARN_OBJC_ROOT_CLASS = YES_ERROR;
				CLANG_WARN_QUOTED_INCLUDE_IN_FRAMEWORK_HEADER = YES;
				CLANG_WARN_RANGE_LOOP_ANALYSIS = YES;
				CLANG_WARN_STRICT_PROTOTYPES = YES;
				CLANG_WARN_SUSPICIOUS_MOVE = YES;
				CLANG_WARN_UNGUARDED_AVAILABILITY = YES_AGGRESSIVE;
				CLANG_WARN_UNREACHABLE_CODE = YES;
				CLANG_WARN__DUPLICATE_METHOD_MATCH = YES;
				COPY_PHASE_STRIP = NO;
				DEBUG_INFORMATION_FORMAT = "dwarf-with-dsym";
				ENABLE_NS_ASSERTIONS = NO;
				ENABLE_STRICT_OBJC_MSGSEND = YES;
				ENABLE_USER_SCRIPT_SANDBOXING = YES;
				GCC_C_LANGUAGE_STANDARD = gnu17;
				GCC_NO_COMMON_BLOCKS = YES;
				GCC_WARN_64_TO_32_BIT_CONVERSION = YES;
				GCC_WARN_ABOUT_RETURN_TYPE = YES_ERROR;
				GCC_WARN_UNDECLARED_SELECTOR = YES;
				GCC_WARN_UNINITIALIZED_AUTOS = YES_AGGRESSIVE;
				GCC_WARN_UNUSED_FUNCTION = YES;
				GCC_WARN_UNUSED_VARIABLE = YES;
				IPHONEOS_DEPLOYMENT_TARGET = 17.0;
				LOCALIZATION_PREFERS_STRING_CATALOGS = YES;
				MTL_ENABLE_DEBUG_INFO = NO;
				MTL_FAST_MATH = YES;
				SDKROOT = iphoneos;
				SWIFT_COMPILATION_MODE = wholemodule;
				VALIDATE_PRODUCT = YES;
			};
			name = Release;
		};
		94A1DDD62B20DC0C0067A7C0 /* Debug */ = {
			isa = XCBuildConfiguration;
			buildSettings = {
				ASSETCATALOG_COMPILER_APPICON_NAME = AppIcon;
				ASSETCATALOG_COMPILER_GLOBAL_ACCENT_COLOR_NAME = AccentColor;
				CODE_SIGN_STYLE = Automatic;
				CURRENT_PROJECT_VERSION = 1;
				DEVELOPMENT_ASSET_PATHS = "\"Future News/Preview Content\"";
				DEVELOPMENT_TEAM = R3N56XQJ8Z;
				ENABLE_PREVIEWS = YES;
				GENERATE_INFOPLIST_FILE = YES;
				INFOPLIST_KEY_UIApplicationSceneManifest_Generation = YES;
				INFOPLIST_KEY_UIApplicationSupportsIndirectInputEvents = YES;
				INFOPLIST_KEY_UILaunchScreen_Generation = YES;
				INFOPLIST_KEY_UISupportedInterfaceOrientations = UIInterfaceOrientationPortrait;
				INFOPLIST_KEY_UISupportedInterfaceOrientations_iPad = "UIInterfaceOrientationLandscapeLeft UIInterfaceOrientationLandscapeRight UIInterfaceOrientationPortrait";
				LD_RUNPATH_SEARCH_PATHS = (
					"$(inherited)",
					"@executable_path/Frameworks",
				);
				MARKETING_VERSION = 1.0;
				PRODUCT_BUNDLE_IDENTIFIER = "DaniaDenisuk.Personal.Future-News";
				PRODUCT_NAME = "$(TARGET_NAME)";
				SUPPORTED_PLATFORMS = "iphoneos iphonesimulator";
				SUPPORTS_MACCATALYST = NO;
				SUPPORTS_MAC_DESIGNED_FOR_IPHONE_IPAD = NO;
				SUPPORTS_XR_DESIGNED_FOR_IPHONE_IPAD = NO;
				SWIFT_EMIT_LOC_STRINGS = YES;
				SWIFT_VERSION = 5.0;
				TARGETED_DEVICE_FAMILY = "1,2";
			};
			name = Debug;
		};
		94A1DDD72B20DC0C0067A7C0 /* Release */ = {
			isa = XCBuildConfiguration;
			buildSettings = {
				ASSETCATALOG_COMPILER_APPICON_NAME = AppIcon;
				ASSETCATALOG_COMPILER_GLOBAL_ACCENT_COLOR_NAME = AccentColor;
				CODE_SIGN_STYLE = Automatic;
				CURRENT_PROJECT_VERSION = 1;
				DEVELOPMENT_ASSET_PATHS = "\"Future News/Preview Content\"";
				DEVELOPMENT_TEAM = R3N56XQJ8Z;
				ENABLE_PREVIEWS = YES;
				GENERATE_INFOPLIST_FILE = YES;
				INFOPLIST_KEY_UIApplicationSceneManifest_Generation = YES;
				INFOPLIST_KEY_UIApplicationSupportsIndirectInputEvents = YES;
				INFOPLIST_KEY_UILaunchScreen_Generation = YES;
				INFOPLIST_KEY_UISupportedInterfaceOrientations = UIInterfaceOrientationPortrait;
				INFOPLIST_KEY_UISupportedInterfaceOrientations_iPad = "UIInterfaceOrientationLandscapeLeft UIInterfaceOrientationLandscapeRight UIInterfaceOrientationPortrait";
				LD_RUNPATH_SEARCH_PATHS = (
					"$(inherited)",
					"@executable_path/Frameworks",
				);
				MARKETING_VERSION = 1.0;
				PRODUCT_BUNDLE_IDENTIFIER = "DaniaDenisuk.Personal.Future-News";
				PRODUCT_NAME = "$(TARGET_NAME)";
				SUPPORTED_PLATFORMS = "iphoneos iphonesimulator";
				SUPPORTS_MACCATALYST = NO;
				SUPPORTS_MAC_DESIGNED_FOR_IPHONE_IPAD = NO;
				SUPPORTS_XR_DESIGNED_FOR_IPHONE_IPAD = NO;
				SWIFT_EMIT_LOC_STRINGS = YES;
				SWIFT_VERSION = 5.0;
				TARGETED_DEVICE_FAMILY = "1,2";
			};
			name = Release;
		};
/* End XCBuildConfiguration section */

/* Begin XCConfigurationList section */
		94A1DDC22B20DC0A0067A7C0 /* Build configuration list for PBXProject "Future News" */ = {
			isa = XCConfigurationList;
			buildConfigurations = (
				94A1DDD32B20DC0C0067A7C0 /* Debug */,
				94A1DDD42B20DC0C0067A7C0 /* Release */,
			);
			defaultConfigurationIsVisible = 0;
			defaultConfigurationName = Release;
		};
		94A1DDD52B20DC0C0067A7C0 /* Build configuration list for PBXNativeTarget "Future News" */ = {
			isa = XCConfigurationList;
			buildConfigurations = (
				94A1DDD62B20DC0C0067A7C0 /* Debug */,
				94A1DDD72B20DC0C0067A7C0 /* Release */,
			);
			defaultConfigurationIsVisible = 0;
			defaultConfigurationName = Release;
		};
/* End XCConfigurationList section */

/* Begin XCRemoteSwiftPackageReference section */
		948D4C162B5448C3007791D4 /* XCRemoteSwiftPackageReference "FLAnimatedImage" */ = {
			isa = XCRemoteSwiftPackageReference;
			repositoryURL = "https://github.com/Flipboard/FLAnimatedImage";
			requirement = {
				kind = upToNextMajorVersion;
				minimumVersion = 1.0.17;
			};
		};
		94ADF9B12B5569060078A6D3 /* XCRemoteSwiftPackageReference "SDWebImageSwiftUI" */ = {
			isa = XCRemoteSwiftPackageReference;
			repositoryURL = "https://github.com/SDWebImage/SDWebImageSwiftUI.git";
			requirement = {
				kind = upToNextMajorVersion;
				minimumVersion = 2.2.6;
			};
		};
		94ED72E52B2C86E700D29AE1 /* XCRemoteSwiftPackageReference "WrappingHStack" */ = {
			isa = XCRemoteSwiftPackageReference;
			repositoryURL = "https://github.com/ksemianov/WrappingHStack";
			requirement = {
				kind = upToNextMajorVersion;
				minimumVersion = 0.2.0;
			};
		};
/* End XCRemoteSwiftPackageReference section */

/* Begin XCSwiftPackageProductDependency section */
		942B71E12B38764A00A94E68 /* WrappingHStack */ = {
			isa = XCSwiftPackageProductDependency;
			package = 94ED72E52B2C86E700D29AE1 /* XCRemoteSwiftPackageReference "WrappingHStack" */;
			productName = WrappingHStack;
		};
		942B71E32B38766400A94E68 /* WrappingHStack */ = {
			isa = XCSwiftPackageProductDependency;
			package = 94ED72E52B2C86E700D29AE1 /* XCRemoteSwiftPackageReference "WrappingHStack" */;
			productName = WrappingHStack;
		};
		948D4C172B5448C3007791D4 /* FLAnimatedImage */ = {
			isa = XCSwiftPackageProductDependency;
			package = 948D4C162B5448C3007791D4 /* XCRemoteSwiftPackageReference "FLAnimatedImage" */;
			productName = FLAnimatedImage;
		};
		94ADF9B22B5569060078A6D3 /* SDWebImageSwiftUI */ = {
			isa = XCSwiftPackageProductDependency;
			package = 94ADF9B12B5569060078A6D3 /* XCRemoteSwiftPackageReference "SDWebImageSwiftUI" */;
			productName = SDWebImageSwiftUI;
		};
		94ED72E62B2C86E700D29AE1 /* WrappingHStack */ = {
			isa = XCSwiftPackageProductDependency;
			package = 94ED72E52B2C86E700D29AE1 /* XCRemoteSwiftPackageReference "WrappingHStack" */;
			productName = WrappingHStack;
		};
/* End XCSwiftPackageProductDependency section */
	};
	rootObject = 94A1DDBF2B20DC0A0067A7C0 /* Project object */;
}
